<Solution>
  <Project Path="frmRegistro/frmRegistro.csproj" Id="222457d3-6dc2-48bb-a8e7-62a60251f80a" />
  <Project Path="Unidad2_operadores/Unidad2_operadores.csproj" Id="d0f90e14-6317-4417-accb-ecc32bc03783" />
  <Project Path="Unidad3_MessageBox_/Unidad3_MessageBox_.csproj" Id="e2f8c804-2092-4a17-b25c-420937ea20a1" />
</Solution>
